{
  "lockfile-version": 1,
  "manifest": {
    "version": 1,
    "install": {
      "nodejs_22": {
        "pkg-path": "nodejs_22"
      },
      "pnpm": {
        "pkg-path": "pnpm"
      }
    },
    "hook": {},
    "profile": {},
    "options": {
      "systems": [
        "aarch64-darwin",
        "aarch64-linux",
        "x86_64-darwin",
        "x86_64-linux"
      ],
      "allow": {
        "licenses": []
      },
      "semver": {}
    }
  },
  "packages": [
    {
      "attr_path": "nodejs_22",
      "broken": false,
      "derivation": "/nix/store/l7xqarxr78661qxnkwjdkv3dw10habfq-nodejs-22.10.0.drv",
      "description": "Event-driven I/O framework for the V8 JavaScript engine",
      "install_id": "nodejs_22",
      "license": "MIT",
      "locked_url": "https://github.com/flox/nixpkgs?rev=d3c42f187194c26d9f0309a8ecc469d6c878ce33",
      "name": "nodejs-22.10.0",
      "pname": "nodejs_22",
      "rev": "d3c42f187194c26d9f0309a8ecc469d6c878ce33",
      "rev_count": 723344,
      "rev_date": "2024-12-17T08:37:14Z",
      "scrape_date": "2024-12-19T03:52:25Z",
      "stabilities": [
        "staging",
        "unstable"
      ],
      "unfree": false,
      "version": "nodejs-22.10.0",
      "outputs_to_install": [
        "out"
      ],
      "outputs": {
        "libv8": "/nix/store/2qwjlhfyn2k3dixjgqxnwhsxxyn46rxl-nodejs-22.10.0-libv8",
        "out": "/nix/store/y6piwcsias394n5kflisg8jhll9czk2x-nodejs-22.10.0"
      },
      "system": "aarch64-darwin",
      "group": "toplevel",
      "priority": 5
    },
    {
      "attr_path": "nodejs_22",
      "broken": false,
      "derivation": "/nix/store/wjn7vj94fnjd4h7ai3rsgfvkmjxkv57g-nodejs-22.10.0.drv",
      "description": "Event-driven I/O framework for the V8 JavaScript engine",
      "install_id": "nodejs_22",
      "license": "MIT",
      "locked_url": "https://github.com/flox/nixpkgs?rev=d3c42f187194c26d9f0309a8ecc469d6c878ce33",
      "name": "nodejs-22.10.0",
      "pname": "nodejs_22",
      "rev": "d3c42f187194c26d9f0309a8ecc469d6c878ce33",
      "rev_count": 723344,
      "rev_date": "2024-12-17T08:37:14Z",
      "scrape_date": "2024-12-19T03:52:25Z",
      "stabilities": [
        "staging",
        "unstable"
      ],
      "unfree": false,
      "version": "nodejs-22.10.0",
      "outputs_to_install": [
        "out"
      ],
      "outputs": {
        "libv8": "/nix/store/649q0xdwl617h2s8j50f7880df60w37a-nodejs-22.10.0-libv8",
        "out": "/nix/store/ayfg2m6gwh5047hapf316jrilxd8kk4k-nodejs-22.10.0"
      },
      "system": "aarch64-linux",
      "group": "toplevel",
      "priority": 5
    },
    {
      "attr_path": "nodejs_22",
      "broken": false,
      "derivation": "/nix/store/5njd1g0p4v3fk0d3q9hymgpc8xr5dn2z-nodejs-22.10.0.drv",
      "description": "Event-driven I/O framework for the V8 JavaScript engine",
      "install_id": "nodejs_22",
      "license": "MIT",
      "locked_url": "https://github.com/flox/nixpkgs?rev=d3c42f187194c26d9f0309a8ecc469d6c878ce33",
      "name": "nodejs-22.10.0",
      "pname": "nodejs_22",
      "rev": "d3c42f187194c26d9f0309a8ecc469d6c878ce33",
      "rev_count": 723344,
      "rev_date": "2024-12-17T08:37:14Z",
      "scrape_date": "2024-12-19T03:52:25Z",
      "stabilities": [
        "staging",
        "unstable"
      ],
      "unfree": false,
      "version": "nodejs-22.10.0",
      "outputs_to_install": [
        "out"
      ],
      "outputs": {
        "libv8": "/nix/store/g1bmrm6lq74zdid30q8hh3102qxpk7p7-nodejs-22.10.0-libv8",
        "out": "/nix/store/4rmbk8pg2lvv22aqjk8b539pfspsm98m-nodejs-22.10.0"
      },
      "system": "x86_64-darwin",
      "group": "toplevel",
      "priority": 5
    },
    {
      "attr_path": "nodejs_22",
      "broken": false,
      "derivation": "/nix/store/p33fbd36lz7nh44dzshl29w276q25h2y-nodejs-22.10.0.drv",
      "description": "Event-driven I/O framework for the V8 JavaScript engine",
      "install_id": "nodejs_22",
      "license": "MIT",
      "locked_url": "https://github.com/flox/nixpkgs?rev=d3c42f187194c26d9f0309a8ecc469d6c878ce33",
      "name": "nodejs-22.10.0",
      "pname": "nodejs_22",
      "rev": "d3c42f187194c26d9f0309a8ecc469d6c878ce33",
      "rev_count": 723344,
      "rev_date": "2024-12-17T08:37:14Z",
      "scrape_date": "2024-12-19T03:52:25Z",
      "stabilities": [
        "staging",
        "unstable"
      ],
      "unfree": false,
      "version": "nodejs-22.10.0",
      "outputs_to_install": [
        "out"
      ],
      "outputs": {
        "libv8": "/nix/store/j9kj5x00fh8sac4mfb6dxmfg1dk5af90-nodejs-22.10.0-libv8",
        "out": "/nix/store/hnkyz55vndmvwhg6nzpliv86gh6sxg7h-nodejs-22.10.0"
      },
      "system": "x86_64-linux",
      "group": "toplevel",
      "priority": 5
    },
    {
      "attr_path": "pnpm",
      "broken": false,
      "derivation": "/nix/store/a215pfqx09hhzfg2by38bnkns97wfwi5-pnpm-9.15.0.drv",
      "description": "Fast, disk space efficient package manager for JavaScript",
      "install_id": "pnpm",
      "license": "MIT",
      "locked_url": "https://github.com/flox/nixpkgs?rev=d3c42f187194c26d9f0309a8ecc469d6c878ce33",
      "name": "pnpm-9.15.0",
      "pname": "pnpm",
      "rev": "d3c42f187194c26d9f0309a8ecc469d6c878ce33",
      "rev_count": 723344,
      "rev_date": "2024-12-17T08:37:14Z",
      "scrape_date": "2024-12-19T03:52:25Z",
      "stabilities": [
        "staging",
        "unstable"
      ],
      "unfree": false,
      "version": "9.15.0",
      "outputs_to_install": [
        "out"
      ],
      "outputs": {
        "out": "/nix/store/rxzyv00jks0r6vbgdj02n6h1x6fg3vz0-pnpm-9.15.0"
      },
      "system": "aarch64-darwin",
      "group": "toplevel",
      "priority": 5
    },
    {
      "attr_path": "pnpm",
      "broken": false,
      "derivation": "/nix/store/787iy0blnr9yj678f6j8gihflj4mq25r-pnpm-9.15.0.drv",
      "description": "Fast, disk space efficient package manager for JavaScript",
      "install_id": "pnpm",
      "license": "MIT",
      "locked_url": "https://github.com/flox/nixpkgs?rev=d3c42f187194c26d9f0309a8ecc469d6c878ce33",
      "name": "pnpm-9.15.0",
      "pname": "pnpm",
      "rev": "d3c42f187194c26d9f0309a8ecc469d6c878ce33",
      "rev_count": 723344,
      "rev_date": "2024-12-17T08:37:14Z",
      "scrape_date": "2024-12-19T03:52:25Z",
      "stabilities": [
        "staging",
        "unstable"
      ],
      "unfree": false,
      "version": "9.15.0",
      "outputs_to_install": [
        "out"
      ],
      "outputs": {
        "out": "/nix/store/x82c8bxyxrxbr6ambki8i7s9z0yvgjfv-pnpm-9.15.0"
      },
      "system": "aarch64-linux",
      "group": "toplevel",
      "priority": 5
    },
    {
      "attr_path": "pnpm",
      "broken": false,
      "derivation": "/nix/store/wq03p6123gi7nw92mpncp3irj6cbh1h5-pnpm-9.15.0.drv",
      "description": "Fast, disk space efficient package manager for JavaScript",
      "install_id": "pnpm",
      "license": "MIT",
      "locked_url": "https://github.com/flox/nixpkgs?rev=d3c42f187194c26d9f0309a8ecc469d6c878ce33",
      "name": "pnpm-9.15.0",
      "pname": "pnpm",
      "rev": "d3c42f187194c26d9f0309a8ecc469d6c878ce33",
      "rev_count": 723344,
      "rev_date": "2024-12-17T08:37:14Z",
      "scrape_date": "2024-12-19T03:52:25Z",
      "stabilities": [
        "staging",
        "unstable"
      ],
      "unfree": false,
      "version": "9.15.0",
      "outputs_to_install": [
        "out"
      ],
      "outputs": {
        "out": "/nix/store/hiaxj1yqwpkmh8fvl0z8cg2vdy8bfrsn-pnpm-9.15.0"
      },
      "system": "x86_64-darwin",
      "group": "toplevel",
      "priority": 5
    },
    {
      "attr_path": "pnpm",
      "broken": false,
      "derivation": "/nix/store/7c4f678618wnac1llrkz4z1ggy699jax-pnpm-9.15.0.drv",
      "description": "Fast, disk space efficient package manager for JavaScript",
      "install_id": "pnpm",
      "license": "MIT",
      "locked_url": "https://github.com/flox/nixpkgs?rev=d3c42f187194c26d9f0309a8ecc469d6c878ce33",
      "name": "pnpm-9.15.0",
      "pname": "pnpm",
      "rev": "d3c42f187194c26d9f0309a8ecc469d6c878ce33",
      "rev_count": 723344,
      "rev_date": "2024-12-17T08:37:14Z",
      "scrape_date": "2024-12-19T03:52:25Z",
      "stabilities": [
        "staging",
        "unstable"
      ],
      "unfree": false,
      "version": "9.15.0",
      "outputs_to_install": [
        "out"
      ],
      "outputs": {
        "out": "/nix/store/z8s3r4vwf4r26g2d7shnw5lva6ihim8f-pnpm-9.15.0"
      },
      "system": "x86_64-linux",
      "group": "toplevel",
      "priority": 5
    }
  ]
}